// !$*UTF8*$!
{
	archiveVersion = 1;
	classes = {
	};
	objectVersion = 50;
	objects = {

/* Begin PBXBuildFile section */
		F173539E244CDBC900F975FC /* AppDelegate.swift in Sources */ = {isa = PBXBuildFile; fileRef = F173539D244CDBC900F975FC /* AppDelegate.swift */; };
		F17353A0244CDBC900F975FC /* SceneDelegate.swift in Sources */ = {isa = PBXBuildFile; fileRef = F173539F244CDBC900F975FC /* SceneDelegate.swift */; };
		F17353A2244CDBC900F975FC /* ViewController.swift in Sources */ = {isa = PBXBuildFile; fileRef = F17353A1244CDBC900F975FC /* ViewController.swift */; };
		F17353A5244CDBC900F975FC /* Main.storyboard in Resources */ = {isa = PBXBuildFile; fileRef = F17353A3244CDBC900F975FC /* Main.storyboard */; };
		F17353A7244CDBDC00F975FC /* Assets.xcassets in Resources */ = {isa = PBXBuildFile; fileRef = F17353A6244CDBDC00F975FC /* Assets.xcassets */; };
		F17353AA244CDBDC00F975FC /* LaunchScreen.storyboard in Resources */ = {isa = PBXBuildFile; fileRef = F17353A8244CDBDC00F975FC /* LaunchScreen.storyboard */; };
		F17353B5244CDBDD00F975FC /* DimensionalriftGame_FraineTests.swift in Sources */ = {isa = PBXBuildFile; fileRef = F17353B4244CDBDD00F975FC /* DimensionalriftGame_FraineTests.swift */; };
		F17353C0244CDBDD00F975FC /* DimensionalriftGame_FraineUITests.swift in Sources */ = {isa = PBXBuildFile; fileRef = F17353BF244CDBDD00F975FC /* DimensionalriftGame_FraineUITests.swift */; };
		F17353CE244CDCBA00F975FC /* UserViewController.swift in Sources */ = {isa = PBXBuildFile; fileRef = F17353CD244CDCBA00F975FC /* UserViewController.swift */; };
		F17353D1244CE5A400F975FC /* User2ViewController.swift in Sources */ = {isa = PBXBuildFile; fileRef = F17353D0244CE5A400F975FC /* User2ViewController.swift */; };
		F17353D3244CE5C200F975FC /* user3ViewController.swift in Sources */ = {isa = PBXBuildFile; fileRef = F17353D2244CE5C200F975FC /* user3ViewController.swift */; };
		F17353D5244CE65C00F975FC /* user4ViewController.swift in Sources */ = {isa = PBXBuildFile; fileRef = F17353D4244CE65C00F975FC /* user4ViewController.swift */; };
		F17353D9244D72F700F975FC /* user5ViewController.swift in Sources */ = {isa = PBXBuildFile; fileRef = F17353D8244D72F700F975FC /* user5ViewController.swift */; };
		F17353DC244D79FB00F975FC /* user6ViewController.swift in Sources */ = {isa = PBXBuildFile; fileRef = F17353DB244D79FB00F975FC /* user6ViewController.swift */; };
		F17353DF244D7C3E00F975FC /* user7ViewController.swift in Sources */ = {isa = PBXBuildFile; fileRef = F17353DE244D7C3E00F975FC /* user7ViewController.swift */; };
		F17353E1244D7C9000F975FC /* user8ViewController.swift in Sources */ = {isa = PBXBuildFile; fileRef = F17353E0244D7C9000F975FC /* user8ViewController.swift */; };
		F18C51C7244FD3F800B197D3 /* user10ViewController.swift in Sources */ = {isa = PBXBuildFile; fileRef = F18C51C6244FD3F700B197D3 /* user10ViewController.swift */; };
		F18C51C9244FD44D00B197D3 /* user11ViewController.swift in Sources */ = {isa = PBXBuildFile; fileRef = F18C51C8244FD44D00B197D3 /* user11ViewController.swift */; };
		F18C51CC244FE23200B197D3 /* user12ViewController.swift in Sources */ = {isa = PBXBuildFile; fileRef = F18C51CB244FE23200B197D3 /* user12ViewController.swift */; };
		F18C51CE244FE25A00B197D3 /* user13ViewController.swift in Sources */ = {isa = PBXBuildFile; fileRef = F18C51CD244FE25A00B197D3 /* user13ViewController.swift */; };
		F18C51D0244FE28500B197D3 /* user14ViewController.swift in Sources */ = {isa = PBXBuildFile; fileRef = F18C51CF244FE28500B197D3 /* user14ViewController.swift */; };
		F18C51D2245002EF00B197D3 /* user15ViewController.swift in Sources */ = {isa = PBXBuildFile; fileRef = F18C51D1245002EF00B197D3 /* user15ViewController.swift */; };
		F18C51D42450034B00B197D3 /* user16ViewController.swift in Sources */ = {isa = PBXBuildFile; fileRef = F18C51D32450034B00B197D3 /* user16ViewController.swift */; };
		F18C51D62450038800B197D3 /* user17ViewController.swift in Sources */ = {isa = PBXBuildFile; fileRef = F18C51D52450038800B197D3 /* user17ViewController.swift */; };
		F18C51D92451368100B197D3 /* user18ViewController.swift in Sources */ = {isa = PBXBuildFile; fileRef = F18C51D82451368100B197D3 /* user18ViewController.swift */; };
		F18C51DB245137C500B197D3 /* user19ViewController.swift in Sources */ = {isa = PBXBuildFile; fileRef = F18C51DA245137C500B197D3 /* user19ViewController.swift */; };
		F18C51E02451385900B197D3 /* user20ViewController.swift in Sources */ = {isa = PBXBuildFile; fileRef = F18C51DF2451385900B197D3 /* user20ViewController.swift */; };
		F1BFB31A244FA0ED0059CFE9 /* user9ViewController.swift in Sources */ = {isa = PBXBuildFile; fileRef = F1BFB319244FA0ED0059CFE9 /* user9ViewController.swift */; };
		F1DBDE75245270B60019AE6A /* user21ViewController.swift in Sources */ = {isa = PBXBuildFile; fileRef = F1DBDE74245270B60019AE6A /* user21ViewController.swift */; };
		F1DBDE77245270E90019AE6A /* user22ViewController.swift in Sources */ = {isa = PBXBuildFile; fileRef = F1DBDE76245270E90019AE6A /* user22ViewController.swift */; };
		F1DBDE79245270FC0019AE6A /* user23ViewController.swift in Sources */ = {isa = PBXBuildFile; fileRef = F1DBDE78245270FC0019AE6A /* user23ViewController.swift */; };
		F1DBDE7B245271150019AE6A /* user24ViewController.swift in Sources */ = {isa = PBXBuildFile; fileRef = F1DBDE7A245271150019AE6A /* user24ViewController.swift */; };
		F1DBDE7D2452712A0019AE6A /* user25ViewController.swift in Sources */ = {isa = PBXBuildFile; fileRef = F1DBDE7C2452712A0019AE6A /* user25ViewController.swift */; };
		F1DBDE7F245271400019AE6A /* user26ViewController.swift in Sources */ = {isa = PBXBuildFile; fileRef = F1DBDE7E245271400019AE6A /* user26ViewController.swift */; };
		F1DBDE81245271560019AE6A /* user27ViewController.swift in Sources */ = {isa = PBXBuildFile; fileRef = F1DBDE80245271560019AE6A /* user27ViewController.swift */; };
/* End PBXBuildFile section */

/* Begin PBXContainerItemProxy section */
		F17353B1244CDBDD00F975FC /* PBXContainerItemProxy */ = {
			isa = PBXContainerItemProxy;
			containerPortal = F1735392244CDBC900F975FC /* Project object */;
			proxyType = 1;
			remoteGlobalIDString = F1735399244CDBC900F975FC;
			remoteInfo = DimensionalriftGame.Fraine;
		};
		F17353BC244CDBDD00F975FC /* PBXContainerItemProxy */ = {
			isa = PBXContainerItemProxy;
			containerPortal = F1735392244CDBC900F975FC /* Project object */;
			proxyType = 1;
			remoteGlobalIDString = F1735399244CDBC900F975FC;
			remoteInfo = DimensionalriftGame.Fraine;
		};
/* End PBXContainerItemProxy section */

/* Begin PBXFileReference section */
		F173539A244CDBC900F975FC /* DimensionalriftGame.Fraine.app */ = {isa = PBXFileReference; explicitFileType = wrapper.application; includeInIndex = 0; path = DimensionalriftGame.Fraine.app; sourceTree = BUILT_PRODUCTS_DIR; };
		F173539D244CDBC900F975FC /* AppDelegate.swift */ = {isa = PBXFileReference; lastKnownFileType = sourcecode.swift; path = AppDelegate.swift; sourceTree = "<group>"; };
		F173539F244CDBC900F975FC /* SceneDelegate.swift */ = {isa = PBXFileReference; lastKnownFileType = sourcecode.swift; path = SceneDelegate.swift; sourceTree = "<group>"; };
		F17353A1244CDBC900F975FC /* ViewController.swift */ = {isa = PBXFileReference; lastKnownFileType = sourcecode.swift; path = ViewController.swift; sourceTree = "<group>"; };
		F17353A4244CDBC900F975FC /* Base */ = {isa = PBXFileReference; lastKnownFileType = file.storyboard; name = Base; path = Base.lproj/Main.storyboard; sourceTree = "<group>"; };
		F17353A6244CDBDC00F975FC /* Assets.xcassets */ = {isa = PBXFileReference; lastKnownFileType = folder.assetcatalog; path = Assets.xcassets; sourceTree = "<group>"; };
		F17353A9244CDBDC00F975FC /* Base */ = {isa = PBXFileReference; lastKnownFileType = file.storyboard; name = Base; path = Base.lproj/LaunchScreen.storyboard; sourceTree = "<group>"; };
		F17353AB244CDBDC00F975FC /* Info.plist */ = {isa = PBXFileReference; lastKnownFileType = text.plist.xml; path = Info.plist; sourceTree = "<group>"; };
		F17353B0244CDBDD00F975FC /* DimensionalriftGame.FraineTests.xctest */ = {isa = PBXFileReference; explicitFileType = wrapper.cfbundle; includeInIndex = 0; path = DimensionalriftGame.FraineTests.xctest; sourceTree = BUILT_PRODUCTS_DIR; };
		F17353B4244CDBDD00F975FC /* DimensionalriftGame_FraineTests.swift */ = {isa = PBXFileReference; lastKnownFileType = sourcecode.swift; path = DimensionalriftGame_FraineTests.swift; sourceTree = "<group>"; };
		F17353B6244CDBDD00F975FC /* Info.plist */ = {isa = PBXFileReference; lastKnownFileType = text.plist.xml; path = Info.plist; sourceTree = "<group>"; };
		F17353BB244CDBDD00F975FC /* DimensionalriftGame.FraineUITests.xctest */ = {isa = PBXFileReference; explicitFileType = wrapper.cfbundle; includeInIndex = 0; path = DimensionalriftGame.FraineUITests.xctest; sourceTree = BUILT_PRODUCTS_DIR; };
		F17353BF244CDBDD00F975FC /* DimensionalriftGame_FraineUITests.swift */ = {isa = PBXFileReference; lastKnownFileType = sourcecode.swift; path = DimensionalriftGame_FraineUITests.swift; sourceTree = "<group>"; };
		F17353C1244CDBDD00F975FC /* Info.plist */ = {isa = PBXFileReference; lastKnownFileType = text.plist.xml; path = Info.plist; sourceTree = "<group>"; };
		F17353CD244CDCBA00F975FC /* UserViewController.swift */ = {isa = PBXFileReference; lastKnownFileType = sourcecode.swift; path = UserViewController.swift; sourceTree = "<group>"; };
		F17353D0244CE5A400F975FC /* User2ViewController.swift */ = {isa = PBXFileReference; lastKnownFileType = sourcecode.swift; path = User2ViewController.swift; sourceTree = "<group>"; };
		F17353D2244CE5C200F975FC /* user3ViewController.swift */ = {isa = PBXFileReference; lastKnownFileType = sourcecode.swift; path = user3ViewController.swift; sourceTree = "<group>"; };
		F17353D4244CE65C00F975FC /* user4ViewController.swift */ = {isa = PBXFileReference; lastKnownFileType = sourcecode.swift; path = user4ViewController.swift; sourceTree = "<group>"; };
		F17353D8244D72F700F975FC /* user5ViewController.swift */ = {isa = PBXFileReference; lastKnownFileType = sourcecode.swift; path = user5ViewController.swift; sourceTree = "<group>"; };
		F17353DB244D79FB00F975FC /* user6ViewController.swift */ = {isa = PBXFileReference; lastKnownFileType = sourcecode.swift; path = user6ViewController.swift; sourceTree = "<group>"; };
		F17353DD244D7AEE00F975FC /* DimensionalriftGame.Fraine.entitlements */ = {isa = PBXFileReference; lastKnownFileType = text.plist.entitlements; path = DimensionalriftGame.Fraine.entitlements; sourceTree = "<group>"; };
		F17353DE244D7C3E00F975FC /* user7ViewController.swift */ = {isa = PBXFileReference; lastKnownFileType = sourcecode.swift; path = user7ViewController.swift; sourceTree = "<group>"; };
		F17353E0244D7C9000F975FC /* user8ViewController.swift */ = {isa = PBXFileReference; lastKnownFileType = sourcecode.swift; path = user8ViewController.swift; sourceTree = "<group>"; };
		F18C51C6244FD3F700B197D3 /* user10ViewController.swift */ = {isa = PBXFileReference; lastKnownFileType = sourcecode.swift; path = user10ViewController.swift; sourceTree = "<group>"; };
		F18C51C8244FD44D00B197D3 /* user11ViewController.swift */ = {isa = PBXFileReference; lastKnownFileType = sourcecode.swift; path = user11ViewController.swift; sourceTree = "<group>"; };
		F18C51CB244FE23200B197D3 /* user12ViewController.swift */ = {isa = PBXFileReference; lastKnownFileType = sourcecode.swift; path = user12ViewController.swift; sourceTree = "<group>"; };
		F18C51CD244FE25A00B197D3 /* user13ViewController.swift */ = {isa = PBXFileReference; lastKnownFileType = sourcecode.swift; path = user13ViewController.swift; sourceTree = "<group>"; };
		F18C51CF244FE28500B197D3 /* user14ViewController.swift */ = {isa = PBXFileReference; lastKnownFileType = sourcecode.swift; path = user14ViewController.swift; sourceTree = "<group>"; };
		F18C51D1245002EF00B197D3 /* user15ViewController.swift */ = {isa = PBXFileReference; lastKnownFileType = sourcecode.swift; path = user15ViewController.swift; sourceTree = "<group>"; };
		F18C51D32450034B00B197D3 /* user16ViewController.swift */ = {isa = PBXFileReference; lastKnownFileType = sourcecode.swift; path = user16ViewController.swift; sourceTree = "<group>"; };
		F18C51D52450038800B197D3 /* user17ViewController.swift */ = {isa = PBXFileReference; lastKnownFileType = sourcecode.swift; path = user17ViewController.swift; sourceTree = "<group>"; };
		F18C51D82451368100B197D3 /* user18ViewController.swift */ = {isa = PBXFileReference; lastKnownFileType = sourcecode.swift; path = user18ViewController.swift; sourceTree = "<group>"; };
		F18C51DA245137C500B197D3 /* user19ViewController.swift */ = {isa = PBXFileReference; lastKnownFileType = sourcecode.swift; path = user19ViewController.swift; sourceTree = "<group>"; };
		F18C51DF2451385900B197D3 /* user20ViewController.swift */ = {isa = PBXFileReference; lastKnownFileType = sourcecode.swift; path = user20ViewController.swift; sourceTree = "<group>"; };
		F1BFB319244FA0ED0059CFE9 /* user9ViewController.swift */ = {isa = PBXFileReference; lastKnownFileType = sourcecode.swift; path = user9ViewController.swift; sourceTree = "<group>"; };
		F1DBDE74245270B60019AE6A /* user21ViewController.swift */ = {isa = PBXFileReference; lastKnownFileType = sourcecode.swift; path = user21ViewController.swift; sourceTree = "<group>"; };
		F1DBDE76245270E90019AE6A /* user22ViewController.swift */ = {isa = PBXFileReference; lastKnownFileType = sourcecode.swift; path = user22ViewController.swift; sourceTree = "<group>"; };
		F1DBDE78245270FC0019AE6A /* user23ViewController.swift */ = {isa = PBXFileReference; lastKnownFileType = sourcecode.swift; path = user23ViewController.swift; sourceTree = "<group>"; };
		F1DBDE7A245271150019AE6A /* user24ViewController.swift */ = {isa = PBXFileReference; lastKnownFileType = sourcecode.swift; path = user24ViewController.swift; sourceTree = "<group>"; };
		F1DBDE7C2452712A0019AE6A /* user25ViewController.swift */ = {isa = PBXFileReference; lastKnownFileType = sourcecode.swift; path = user25ViewController.swift; sourceTree = "<group>"; };
		F1DBDE7E245271400019AE6A /* user26ViewController.swift */ = {isa = PBXFileReference; lastKnownFileType = sourcecode.swift; path = user26ViewController.swift; sourceTree = "<group>"; };
		F1DBDE80245271560019AE6A /* user27ViewController.swift */ = {isa = PBXFileReference; lastKnownFileType = sourcecode.swift; path = user27ViewController.swift; sourceTree = "<group>"; };
/* End PBXFileReference section */

/* Begin PBXFrameworksBuildPhase section */
		F1735397244CDBC900F975FC /* Frameworks */ = {
			isa = PBXFrameworksBuildPhase;
			buildActionMask = 2147483647;
			files = (
			);
			runOnlyForDeploymentPostprocessing = 0;
		};
		F17353AD244CDBDD00F975FC /* Frameworks */ = {
			isa = PBXFrameworksBuildPhase;
			buildActionMask = 2147483647;
			files = (
			);
			runOnlyForDeploymentPostprocessing = 0;
		};
		F17353B8244CDBDD00F975FC /* Frameworks */ = {
			isa = PBXFrameworksBuildPhase;
			buildActionMask = 2147483647;
			files = (
			);
			runOnlyForDeploymentPostprocessing = 0;
		};
/* End PBXFrameworksBuildPhase section */

/* Begin PBXGroup section */
		F1735391244CDBC900F975FC = {
			isa = PBXGroup;
			children = (
				F173539C244CDBC900F975FC /* DimensionalriftGame.Fraine */,
				F17353B3244CDBDD00F975FC /* DimensionalriftGame.FraineTests */,
				F17353BE244CDBDD00F975FC /* DimensionalriftGame.FraineUITests */,
				F173539B244CDBC900F975FC /* Products */,
			);
			sourceTree = "<group>";
		};
		F173539B244CDBC900F975FC /* Products */ = {
			isa = PBXGroup;
			children = (
				F173539A244CDBC900F975FC /* DimensionalriftGame.Fraine.app */,
				F17353B0244CDBDD00F975FC /* DimensionalriftGame.FraineTests.xctest */,
				F17353BB244CDBDD00F975FC /* DimensionalriftGame.FraineUITests.xctest */,
			);
			name = Products;
			sourceTree = "<group>";
		};
		F173539C244CDBC900F975FC /* DimensionalriftGame.Fraine */ = {
			isa = PBXGroup;
			children = (
				F17353DD244D7AEE00F975FC /* DimensionalriftGame.Fraine.entitlements */,
				F173539D244CDBC900F975FC /* AppDelegate.swift */,
				F173539F244CDBC900F975FC /* SceneDelegate.swift */,
				F17353A1244CDBC900F975FC /* ViewController.swift */,
				F17353CF244CDCC400F975FC /* viewcontrollers */,
				F17353A3244CDBC900F975FC /* Main.storyboard */,
				F17353A6244CDBDC00F975FC /* Assets.xcassets */,
				F17353A8244CDBDC00F975FC /* LaunchScreen.storyboard */,
				F17353AB244CDBDC00F975FC /* Info.plist */,
			);
			path = DimensionalriftGame.Fraine;
			sourceTree = "<group>";
		};
		F17353B3244CDBDD00F975FC /* DimensionalriftGame.FraineTests */ = {
			isa = PBXGroup;
			children = (
				F17353B4244CDBDD00F975FC /* DimensionalriftGame_FraineTests.swift */,
				F17353B6244CDBDD00F975FC /* Info.plist */,
			);
			path = DimensionalriftGame.FraineTests;
			sourceTree = "<group>";
		};
		F17353BE244CDBDD00F975FC /* DimensionalriftGame.FraineUITests */ = {
			isa = PBXGroup;
			children = (
				F17353BF244CDBDD00F975FC /* DimensionalriftGame_FraineUITests.swift */,
				F17353C1244CDBDD00F975FC /* Info.plist */,
			);
			path = DimensionalriftGame.FraineUITests;
			sourceTree = "<group>";
		};
		F17353CF244CDCC400F975FC /* viewcontrollers */ = {
			isa = PBXGroup;
			children = (
				F17353DA244D79AF00F975FC /* controllers 1-5 */,
				F18C51CA244FD4B000B197D3 /* controllers 6-10 */,
				F18C51D72450CFEC00B197D3 /* controllers 11-15 */,
				F18C51DE2451381F00B197D3 /* Mycontroller 16-20 */,
				F1DBDE83245272390019AE6A /* MY controllers 26-30 */,
			);
			path = viewcontrollers;
			sourceTree = "<group>";
		};
		F17353DA244D79AF00F975FC /* controllers 1-5 */ = {
			isa = PBXGroup;
			children = (
				F17353CD244CDCBA00F975FC /* UserViewController.swift */,
				F17353D0244CE5A400F975FC /* User2ViewController.swift */,
				F17353D2244CE5C200F975FC /* user3ViewController.swift */,
				F17353D4244CE65C00F975FC /* user4ViewController.swift */,
				F17353D8244D72F700F975FC /* user5ViewController.swift */,
			);
			path = "controllers 1-5";
			sourceTree = "<group>";
		};
		F18C51CA244FD4B000B197D3 /* controllers 6-10 */ = {
			isa = PBXGroup;
			children = (
				F17353DB244D79FB00F975FC /* user6ViewController.swift */,
				F17353DE244D7C3E00F975FC /* user7ViewController.swift */,
				F17353E0244D7C9000F975FC /* user8ViewController.swift */,
				F1BFB319244FA0ED0059CFE9 /* user9ViewController.swift */,
				F18C51C6244FD3F700B197D3 /* user10ViewController.swift */,
			);
			path = "controllers 6-10";
			sourceTree = "<group>";
		};
		F18C51D72450CFEC00B197D3 /* controllers 11-15 */ = {
			isa = PBXGroup;
			children = (
				F18C51C8244FD44D00B197D3 /* user11ViewController.swift */,
				F18C51CB244FE23200B197D3 /* user12ViewController.swift */,
				F18C51CD244FE25A00B197D3 /* user13ViewController.swift */,
				F18C51CF244FE28500B197D3 /* user14ViewController.swift */,
				F18C51D1245002EF00B197D3 /* user15ViewController.swift */,
			);
			path = "controllers 11-15";
			sourceTree = "<group>";
		};
		F18C51DE2451381F00B197D3 /* Mycontroller 16-20 */ = {
			isa = PBXGroup;
			children = (
				F18C51D32450034B00B197D3 /* user16ViewController.swift */,
				F18C51D52450038800B197D3 /* user17ViewController.swift */,
				F18C51D82451368100B197D3 /* user18ViewController.swift */,
				F18C51DA245137C500B197D3 /* user19ViewController.swift */,
				F1DBDE82245271720019AE6A /* mycontrollers 20-25 */,
			);
			path = "Mycontroller 16-20";
			sourceTree = "<group>";
		};
		F1DBDE82245271720019AE6A /* mycontrollers 20-25 */ = {
			isa = PBXGroup;
			children = (
				F18C51DF2451385900B197D3 /* user20ViewController.swift */,
				F1DBDE74245270B60019AE6A /* user21ViewController.swift */,
				F1DBDE76245270E90019AE6A /* user22ViewController.swift */,
				F1DBDE78245270FC0019AE6A /* user23ViewController.swift */,
				F1DBDE7A245271150019AE6A /* user24ViewController.swift */,
				F1DBDE7C2452712A0019AE6A /* user25ViewController.swift */,
			);
			path = "mycontrollers 20-25";
			sourceTree = "<group>";
		};
		F1DBDE83245272390019AE6A /* MY controllers 26-30 */ = {
			isa = PBXGroup;
			children = (
				F1DBDE7E245271400019AE6A /* user26ViewController.swift */,
				F1DBDE80245271560019AE6A /* user27ViewController.swift */,
			);
			path = "MY controllers 26-30";
			sourceTree = "<group>";
		};
/* End PBXGroup section */

/* Begin PBXNativeTarget section */
		F1735399244CDBC900F975FC /* DimensionalriftGame.Fraine */ = {
			isa = PBXNativeTarget;
			buildConfigurationList = F17353C4244CDBDD00F975FC /* Build configuration list for PBXNativeTarget "DimensionalriftGame.Fraine" */;
			buildPhases = (
				F1735396244CDBC900F975FC /* Sources */,
				F1735397244CDBC900F975FC /* Frameworks */,
				F1735398244CDBC900F975FC /* Resources */,
			);
			buildRules = (
			);
			dependencies = (
			);
			name = DimensionalriftGame.Fraine;
			productName = DimensionalriftGame.Fraine;
			productReference = F173539A244CDBC900F975FC /* DimensionalriftGame.Fraine.app */;
			productType = "com.apple.product-type.application";
		};
		F17353AF244CDBDD00F975FC /* DimensionalriftGame.FraineTests */ = {
			isa = PBXNativeTarget;
			buildConfigurationList = F17353C7244CDBDD00F975FC /* Build configuration list for PBXNativeTarget "DimensionalriftGame.FraineTests" */;
			buildPhases = (
				F17353AC244CDBDD00F975FC /* Sources */,
				F17353AD244CDBDD00F975FC /* Frameworks */,
				F17353AE244CDBDD00F975FC /* Resources */,
			);
			buildRules = (
			);
			dependencies = (
				F17353B2244CDBDD00F975FC /* PBXTargetDependency */,
			);
			name = DimensionalriftGame.FraineTests;
			productName = DimensionalriftGame.FraineTests;
			productReference = F17353B0244CDBDD00F975FC /* DimensionalriftGame.FraineTests.xctest */;
			productType = "com.apple.product-type.bundle.unit-test";
		};
		F17353BA244CDBDD00F975FC /* DimensionalriftGame.FraineUITests */ = {
			isa = PBXNativeTarget;
			buildConfigurationList = F17353CA244CDBDD00F975FC /* Build configuration list for PBXNativeTarget "DimensionalriftGame.FraineUITests" */;
			buildPhases = (
				F17353B7244CDBDD00F975FC /* Sources */,
				F17353B8244CDBDD00F975FC /* Frameworks */,
				F17353B9244CDBDD00F975FC /* Resources */,
			);
			buildRules = (
			);
			dependencies = (
				F17353BD244CDBDD00F975FC /* PBXTargetDependency */,
			);
			name = DimensionalriftGame.FraineUITests;
			productName = DimensionalriftGame.FraineUITests;
			productReference = F17353BB244CDBDD00F975FC /* DimensionalriftGame.FraineUITests.xctest */;
			productType = "com.apple.product-type.bundle.ui-testing";
		};
/* End PBXNativeTarget section */

/* Begin PBXProject section */
		F1735392244CDBC900F975FC /* Project object */ = {
			isa = PBXProject;
			attributes = {
				LastSwiftUpdateCheck = 1140;
				LastUpgradeCheck = 1140;
				ORGANIZATIONNAME = "Kara Fraine";
				TargetAttributes = {
					F1735399244CDBC900F975FC = {
						CreatedOnToolsVersion = 11.4.1;
					};
					F17353AF244CDBDD00F975FC = {
						CreatedOnToolsVersion = 11.4.1;
						TestTargetID = F1735399244CDBC900F975FC;
					};
					F17353BA244CDBDD00F975FC = {
						CreatedOnToolsVersion = 11.4.1;
						TestTargetID = F1735399244CDBC900F975FC;
					};
				};
			};
			buildConfigurationList = F1735395244CDBC900F975FC /* Build configuration list for PBXProject "DimensionalriftGame.Fraine" */;
			compatibilityVersion = "Xcode 9.3";
			developmentRegion = en;
			hasScannedForEncodings = 0;
			knownRegions = (
				en,
				Base,
			);
			mainGroup = F1735391244CDBC900F975FC;
			productRefGroup = F173539B244CDBC900F975FC /* Products */;
			projectDirPath = "";
			projectRoot = "";
			targets = (
				F1735399244CDBC900F975FC /* DimensionalriftGame.Fraine */,
				F17353AF244CDBDD00F975FC /* DimensionalriftGame.FraineTests */,
				F17353BA244CDBDD00F975FC /* DimensionalriftGame.FraineUITests */,
			);
		};
/* End PBXProject section */

/* Begin PBXResourcesBuildPhase section */
		F1735398244CDBC900F975FC /* Resources */ = {
			isa = PBXResourcesBuildPhase;
			buildActionMask = 2147483647;
			files = (
				F17353AA244CDBDC00F975FC /* LaunchScreen.storyboard in Resources */,
				F17353A7244CDBDC00F975FC /* Assets.xcassets in Resources */,
				F17353A5244CDBC900F975FC /* Main.storyboard in Resources */,
			);
			runOnlyForDeploymentPostprocessing = 0;
		};
		F17353AE244CDBDD00F975FC /* Resources */ = {
			isa = PBXResourcesBuildPhase;
			buildActionMask = 2147483647;
			files = (
			);
			runOnlyForDeploymentPostprocessing = 0;
		};
		F17353B9244CDBDD00F975FC /* Resources */ = {
			isa = PBXResourcesBuildPhase;
			buildActionMask = 2147483647;
			files = (
			);
			runOnlyForDeploymentPostprocessing = 0;
		};
/* End PBXResourcesBuildPhase section */

/* Begin PBXSourcesBuildPhase section */
		F1735396244CDBC900F975FC /* Sources */ = {
			isa = PBXSourcesBuildPhase;
			buildActionMask = 2147483647;
			files = (
				F17353A2244CDBC900F975FC /* ViewController.swift in Sources */,
				F17353D3244CE5C200F975FC /* user3ViewController.swift in Sources */,
				F1DBDE7D2452712A0019AE6A /* user25ViewController.swift in Sources */,
				F18C51D0244FE28500B197D3 /* user14ViewController.swift in Sources */,
				F17353D5244CE65C00F975FC /* user4ViewController.swift in Sources */,
				F1DBDE7F245271400019AE6A /* user26ViewController.swift in Sources */,
				F18C51D42450034B00B197D3 /* user16ViewController.swift in Sources */,
				F1DBDE77245270E90019AE6A /* user22ViewController.swift in Sources */,
				F1DBDE79245270FC0019AE6A /* user23ViewController.swift in Sources */,
				F18C51E02451385900B197D3 /* user20ViewController.swift in Sources */,
				F1DBDE7B245271150019AE6A /* user24ViewController.swift in Sources */,
				F1DBDE75245270B60019AE6A /* user21ViewController.swift in Sources */,
				F17353DF244D7C3E00F975FC /* user7ViewController.swift in Sources */,
				F18C51D2245002EF00B197D3 /* user15ViewController.swift in Sources */,
				F17353CE244CDCBA00F975FC /* UserViewController.swift in Sources */,
				F173539E244CDBC900F975FC /* AppDelegate.swift in Sources */,
				F17353DC244D79FB00F975FC /* user6ViewController.swift in Sources */,
				F18C51D92451368100B197D3 /* user18ViewController.swift in Sources */,
				F18C51DB245137C500B197D3 /* user19ViewController.swift in Sources */,
				F18C51CE244FE25A00B197D3 /* user13ViewController.swift in Sources */,
				F18C51C9244FD44D00B197D3 /* user11ViewController.swift in Sources */,
				F1BFB31A244FA0ED0059CFE9 /* user9ViewController.swift in Sources */,
				F17353D9244D72F700F975FC /* user5ViewController.swift in Sources */,
				F17353A0244CDBC900F975FC /* SceneDelegate.swift in Sources */,
				F18C51D62450038800B197D3 /* user17ViewController.swift in Sources */,
				F17353E1244D7C9000F975FC /* user8ViewController.swift in Sources */,
				F18C51CC244FE23200B197D3 /* user12ViewController.swift in Sources */,
				F17353D1244CE5A400F975FC /* User2ViewController.swift in Sources */,
				F1DBDE81245271560019AE6A /* user27ViewController.swift in Sources */,
				F18C51C7244FD3F800B197D3 /* user10ViewController.swift in Sources */,
			);
			runOnlyForDeploymentPostprocessing = 0;
		};
		F17353AC244CDBDD00F975FC /* Sources */ = {
			isa = PBXSourcesBuildPhase;
			buildActionMask = 2147483647;
			files = (
				F17353B5244CDBDD00F975FC /* DimensionalriftGame_FraineTests.swift in Sources */,
			);
			runOnlyForDeploymentPostprocessing = 0;
		};
		F17353B7244CDBDD00F975FC /* Sources */ = {
			isa = PBXSourcesBuildPhase;
			buildActionMask = 2147483647;
			files = (
				F17353C0244CDBDD00F975FC /* DimensionalriftGame_FraineUITests.swift in Sources */,
			);
			runOnlyForDeploymentPostprocessing = 0;
		};
/* End PBXSourcesBuildPhase section */

/* Begin PBXTargetDependency section */
		F17353B2244CDBDD00F975FC /* PBXTargetDependency */ = {
			isa = PBXTargetDependency;
			target = F1735399244CDBC900F975FC /* DimensionalriftGame.Fraine */;
			targetProxy = F17353B1244CDBDD00F975FC /* PBXContainerItemProxy */;
		};
		F17353BD244CDBDD00F975FC /* PBXTargetDependency */ = {
			isa = PBXTargetDependency;
			target = F1735399244CDBC900F975FC /* DimensionalriftGame.Fraine */;
			targetProxy = F17353BC244CDBDD00F975FC /* PBXContainerItemProxy */;
		};
/* End PBXTargetDependency section */

/* Begin PBXVariantGroup section */
		F17353A3244CDBC900F975FC /* Main.storyboard */ = {
			isa = PBXVariantGroup;
			children = (
				F17353A4244CDBC900F975FC /* Base */,
			);
			name = Main.storyboard;
			sourceTree = "<group>";
		};
		F17353A8244CDBDC00F975FC /* LaunchScreen.storyboard */ = {
			isa = PBXVariantGroup;
			children = (
				F17353A9244CDBDC00F975FC /* Base */,
			);
			name = LaunchScreen.storyboard;
			sourceTree = "<group>";
		};
/* End PBXVariantGroup section */

/* Begin XCBuildConfiguration section */
		F17353C2244CDBDD00F975FC /* Debug */ = {
			isa = XCBuildConfiguration;
			buildSettings = {
				ALWAYS_SEARCH_USER_PATHS = NO;
				CLANG_ANALYZER_NONNULL = YES;
				CLANG_ANALYZER_NUMBER_OBJECT_CONVERSION = YES_AGGRESSIVE;
				CLANG_CXX_LANGUAGE_STANDARD = "gnu++14";
				CLANG_CXX_LIBRARY = "libc++";
				CLANG_ENABLE_MODULES = YES;
				CLANG_ENABLE_OBJC_ARC = YES;
				CLANG_ENABLE_OBJC_WEAK = YES;
				CLANG_WARN_BLOCK_CAPTURE_AUTORELEASING = YES;
				CLANG_WARN_BOOL_CONVERSION = YES;
				CLANG_WARN_COMMA = YES;
				CLANG_WARN_CONSTANT_CONVERSION = YES;
				CLANG_WARN_DEPRECATED_OBJC_IMPLEMENTATIONS = YES;
				CLANG_WARN_DIRECT_OBJC_ISA_USAGE = YES_ERROR;
				CLANG_WARN_DOCUMENTATION_COMMENTS = YES;
				CLANG_WARN_EMPTY_BODY = YES;
				CLANG_WARN_ENUM_CONVERSION = YES;
				CLANG_WARN_INFINITE_RECURSION = YES;
				CLANG_WARN_INT_CONVERSION = YES;
				CLANG_WARN_NON_LITERAL_NULL_CONVERSION = YES;
				CLANG_WARN_OBJC_IMPLICIT_RETAIN_SELF = YES;
				CLANG_WARN_OBJC_LITERAL_CONVERSION = YES;
				CLANG_WARN_OBJC_ROOT_CLASS = YES_ERROR;
				CLANG_WARN_RANGE_LOOP_ANALYSIS = YES;
				CLANG_WARN_STRICT_PROTOTYPES = YES;
				CLANG_WARN_SUSPICIOUS_MOVE = YES;
				CLANG_WARN_UNGUARDED_AVAILABILITY = YES_AGGRESSIVE;
				CLANG_WARN_UNREACHABLE_CODE = YES;
				CLANG_WARN__DUPLICATE_METHOD_MATCH = YES;
				COPY_PHASE_STRIP = NO;
				DEBUG_INFORMATION_FORMAT = dwarf;
				ENABLE_STRICT_OBJC_MSGSEND = YES;
				ENABLE_TESTABILITY = YES;
				GCC_C_LANGUAGE_STANDARD = gnu11;
				GCC_DYNAMIC_NO_PIC = NO;
				GCC_NO_COMMON_BLOCKS = YES;
				GCC_OPTIMIZATION_LEVEL = 0;
				GCC_PREPROCESSOR_DEFINITIONS = (
					"DEBUG=1",
					"$(inherited)",
				);
				GCC_WARN_64_TO_32_BIT_CONVERSION = YES;
				GCC_WARN_ABOUT_RETURN_TYPE = YES_ERROR;
				GCC_WARN_UNDECLARED_SELECTOR = YES;
				GCC_WARN_UNINITIALIZED_AUTOS = YES_AGGRESSIVE;
				GCC_WARN_UNUSED_FUNCTION = YES;
				GCC_WARN_UNUSED_VARIABLE = YES;
				IPHONEOS_DEPLOYMENT_TARGET = 13.4;
				MTL_ENABLE_DEBUG_INFO = INCLUDE_SOURCE;
				MTL_FAST_MATH = YES;
				ONLY_ACTIVE_ARCH = YES;
				SDKROOT = iphoneos;
				SWIFT_ACTIVE_COMPILATION_CONDITIONS = DEBUG;
				SWIFT_ENABLE_BATCH_MODE = NO;
				SWIFT_OPTIMIZATION_LEVEL = "-Onone";
			};
			name = Debug;
		};
		F17353C3244CDBDD00F975FC /* Release */ = {
			isa = XCBuildConfiguration;
			buildSettings = {
				ALWAYS_SEARCH_USER_PATHS = NO;
				CLANG_ANALYZER_NONNULL = YES;
				CLANG_ANALYZER_NUMBER_OBJECT_CONVERSION = YES_AGGRESSIVE;
				CLANG_CXX_LANGUAGE_STANDARD = "gnu++14";
				CLANG_CXX_LIBRARY = "libc++";
				CLANG_ENABLE_MODULES = YES;
				CLANG_ENABLE_OBJC_ARC = YES;
				CLANG_ENABLE_OBJC_WEAK = YES;
				CLANG_WARN_BLOCK_CAPTURE_AUTORELEASING = YES;
				CLANG_WARN_BOOL_CONVERSION = YES;
				CLANG_WARN_COMMA = YES;
				CLANG_WARN_CONSTANT_CONVERSION = YES;
				CLANG_WARN_DEPRECATED_OBJC_IMPLEMENTATIONS = YES;
				CLANG_WARN_DIRECT_OBJC_ISA_USAGE = YES_ERROR;
				CLANG_WARN_DOCUMENTATION_COMMENTS = YES;
				CLANG_WARN_EMPTY_BODY = YES;
				CLANG_WARN_ENUM_CONVERSION = YES;
				CLANG_WARN_INFINITE_RECURSION = YES;
				CLANG_WARN_INT_CONVERSION = YES;
				CLANG_WARN_NON_LITERAL_NULL_CONVERSION = YES;
				CLANG_WARN_OBJC_IMPLICIT_RETAIN_SELF = YES;
				CLANG_WARN_OBJC_LITERAL_CONVERSION = YES;
				CLANG_WARN_OBJC_ROOT_CLASS = YES_ERROR;
				CLANG_WARN_RANGE_LOOP_ANALYSIS = YES;
				CLANG_WARN_STRICT_PROTOTYPES = YES;
				CLANG_WARN_SUSPICIOUS_MOVE = YES;
				CLANG_WARN_UNGUARDED_AVAILABILITY = YES_AGGRESSIVE;
				CLANG_WARN_UNREACHABLE_CODE = YES;
				CLANG_WARN__DUPLICATE_METHOD_MATCH = YES;
				COPY_PHASE_STRIP = NO;
				DEBUG_INFORMATION_FORMAT = "dwarf-with-dsym";
				ENABLE_NS_ASSERTIONS = NO;
				ENABLE_STRICT_OBJC_MSGSEND = YES;
				GCC_C_LANGUAGE_STANDARD = gnu11;
				GCC_NO_COMMON_BLOCKS = YES;
				GCC_WARN_64_TO_32_BIT_CONVERSION = YES;
				GCC_WARN_ABOUT_RETURN_TYPE = YES_ERROR;
				GCC_WARN_UNDECLARED_SELECTOR = YES;
				GCC_WARN_UNINITIALIZED_AUTOS = YES_AGGRESSIVE;
				GCC_WARN_UNUSED_FUNCTION = YES;
				GCC_WARN_UNUSED_VARIABLE = YES;
				IPHONEOS_DEPLOYMENT_TARGET = 13.4;
				MTL_ENABLE_DEBUG_INFO = NO;
				MTL_FAST_MATH = YES;
				SDKROOT = iphoneos;
				SWIFT_COMPILATION_MODE = wholemodule;
				SWIFT_ENABLE_BATCH_MODE = NO;
				SWIFT_OPTIMIZATION_LEVEL = "-O";
				VALIDATE_PRODUCT = YES;
			};
			name = Release;
		};
		F17353C5244CDBDD00F975FC /* Debug */ = {
			isa = XCBuildConfiguration;
			buildSettings = {
				ASSETCATALOG_COMPILER_APPICON_NAME = AppIcon;
				CODE_SIGN_ENTITLEMENTS = DimensionalriftGame.Fraine/DimensionalriftGame.Fraine.entitlements;
				"CODE_SIGN_IDENTITY[sdk=macosx*]" = "-";
				CODE_SIGN_STYLE = Automatic;
				DEVELOPMENT_TEAM = 943GF8964N;
				INFOPLIST_FILE = DimensionalriftGame.Fraine/Info.plist;
				LD_RUNPATH_SEARCH_PATHS = (
					"$(inherited)",
					"@executable_path/Frameworks",
				);
				PRODUCT_BUNDLE_IDENTIFIER = "fraine.kara.DimensionalriftGame-Fraine";
				PRODUCT_NAME = "$(TARGET_NAME)";
				SUPPORTS_MACCATALYST = YES;
				SWIFT_VERSION = 5.0;
				TARGETED_DEVICE_FAMILY = "1,2";
			};
			name = Debug;
		};
		F17353C6244CDBDD00F975FC /* Release */ = {
			isa = XCBuildConfiguration;
			buildSettings = {
				ASSETCATALOG_COMPILER_APPICON_NAME = AppIcon;
				CODE_SIGN_ENTITLEMENTS = DimensionalriftGame.Fraine/DimensionalriftGame.Fraine.entitlements;
				"CODE_SIGN_IDENTITY[sdk=macosx*]" = "-";
				CODE_SIGN_STYLE = Automatic;
				DEVELOPMENT_TEAM = 943GF8964N;
				INFOPLIST_FILE = DimensionalriftGame.Fraine/Info.plist;
				LD_RUNPATH_SEARCH_PATHS = (
					"$(inherited)",
					"@executable_path/Frameworks",
				);
				PRODUCT_BUNDLE_IDENTIFIER = "fraine.kara.DimensionalriftGame-Fraine";
				PRODUCT_NAME = "$(TARGET_NAME)";
				SUPPORTS_MACCATALYST = YES;
				SWIFT_VERSION = 5.0;
				TARGETED_DEVICE_FAMILY = "1,2";
			};
			name = Release;
		};
		F17353C8244CDBDD00F975FC /* Debug */ = {
			isa = XCBuildConfiguration;
			buildSettings = {
				ALWAYS_EMBED_SWIFT_STANDARD_LIBRARIES = YES;
				BUNDLE_LOADER = "$(TEST_HOST)";
				CODE_SIGN_STYLE = Automatic;
				INFOPLIST_FILE = DimensionalriftGame.FraineTests/Info.plist;
				IPHONEOS_DEPLOYMENT_TARGET = 13.4;
				LD_RUNPATH_SEARCH_PATHS = (
					"$(inherited)",
					"@executable_path/Frameworks",
					"@loader_path/Frameworks",
				);
				PRODUCT_BUNDLE_IDENTIFIER = "fraine.kara.DimensionalriftGame-FraineTests";
				PRODUCT_NAME = "$(TARGET_NAME)";
				SWIFT_ENABLE_BATCH_MODE = NO;
				SWIFT_VERSION = 5.0;
				TARGETED_DEVICE_FAMILY = "1,2";
				TEST_HOST = "$(BUILT_PRODUCTS_DIR)/DimensionalriftGame.Fraine.app/DimensionalriftGame.Fraine";
			};
			name = Debug;
		};
		F17353C9244CDBDD00F975FC /* Release */ = {
			isa = XCBuildConfiguration;
			buildSettings = {
				ALWAYS_EMBED_SWIFT_STANDARD_LIBRARIES = YES;
				BUNDLE_LOADER = "$(TEST_HOST)";
				CODE_SIGN_STYLE = Automatic;
				INFOPLIST_FILE = DimensionalriftGame.FraineTests/Info.plist;
				IPHONEOS_DEPLOYMENT_TARGET = 13.4;
				LD_RUNPATH_SEARCH_PATHS = (
					"$(inherited)",
					"@executable_path/Frameworks",
					"@loader_path/Frameworks",
				);
				PRODUCT_BUNDLE_IDENTIFIER = "fraine.kara.DimensionalriftGame-FraineTests";
				PRODUCT_NAME = "$(TARGET_NAME)";
				SWIFT_ENABLE_BATCH_MODE = NO;
				SWIFT_VERSION = 5.0;
				TARGETED_DEVICE_FAMILY = "1,2";
				TEST_HOST = "$(BUILT_PRODUCTS_DIR)/DimensionalriftGame.Fraine.app/DimensionalriftGame.Fraine";
			};
			name = Release;
		};
		F17353CB244CDBDD00F975FC /* Debug */ = {
			isa = XCBuildConfiguration;
			buildSettings = {
				ALWAYS_EMBED_SWIFT_STANDARD_LIBRARIES = YES;
				CODE_SIGN_STYLE = Automatic;
				INFOPLIST_FILE = DimensionalriftGame.FraineUITests/Info.plist;
				LD_RUNPATH_SEARCH_PATHS = (
					"$(inherited)",
					"@executable_path/Frameworks",
					"@loader_path/Frameworks",
				);
				PRODUCT_BUNDLE_IDENTIFIER = "fraine.kara.DimensionalriftGame-FraineUITests";
				PRODUCT_NAME = "$(TARGET_NAME)";
				SWIFT_VERSION = 5.0;
				TARGETED_DEVICE_FAMILY = "1,2";
				TEST_TARGET_NAME = DimensionalriftGame.Fraine;
			};
			name = Debug;
		};
		F17353CC244CDBDD00F975FC /* Release */ = {
			isa = XCBuildConfiguration;
			buildSettings = {
				ALWAYS_EMBED_SWIFT_STANDARD_LIBRARIES = YES;
				CODE_SIGN_STYLE = Automatic;
				INFOPLIST_FILE = DimensionalriftGame.FraineUITests/Info.plist;
				LD_RUNPATH_SEARCH_PATHS = (
					"$(inherited)",
					"@executable_path/Frameworks",
					"@loader_path/Frameworks",
				);
				PRODUCT_BUNDLE_IDENTIFIER = "fraine.kara.DimensionalriftGame-FraineUITests";
				PRODUCT_NAME = "$(TARGET_NAME)";
				SWIFT_VERSION = 5.0;
				TARGETED_DEVICE_FAMILY = "1,2";
				TEST_TARGET_NAME = DimensionalriftGame.Fraine;
			};
			name = Release;
		};
/* End XCBuildConfiguration section */

/* Begin XCConfigurationList section */
		F1735395244CDBC900F975FC /* Build configuration list for PBXProject "DimensionalriftGame.Fraine" */ = {
			isa = XCConfigurationList;
			buildConfigurations = (
				F17353C2244CDBDD00F975FC /* Debug */,
				F17353C3244CDBDD00F975FC /* Release */,
			);
			defaultConfigurationIsVisible = 0;
			defaultConfigurationName = Release;
		};
		F17353C4244CDBDD00F975FC /* Build configuration list for PBXNativeTarget "DimensionalriftGame.Fraine" */ = {
			isa = XCConfigurationList;
			buildConfigurations = (
				F17353C5244CDBDD00F975FC /* Debug */,
				F17353C6244CDBDD00F975FC /* Release */,
			);
			defaultConfigurationIsVisible = 0;
			defaultConfigurationName = Release;
		};
		F17353C7244CDBDD00F975FC /* Build configuration list for PBXNativeTarget "DimensionalriftGame.FraineTests" */ = {
			isa = XCConfigurationList;
			buildConfigurations = (
				F17353C8244CDBDD00F975FC /* Debug */,
				F17353C9244CDBDD00F975FC /* Release */,
			);
			defaultConfigurationIsVisible = 0;
			defaultConfigurationName = Release;
		};
		F17353CA244CDBDD00F975FC /* Build configuration list for PBXNativeTarget "DimensionalriftGame.FraineUITests" */ = {
			isa = XCConfigurationList;
			buildConfigurations = (
				F17353CB244CDBDD00F975FC /* Debug */,
				F17353CC244CDBDD00F975FC /* Release */,
			);
			defaultConfigurationIsVisible = 0;
			defaultConfigurationName = Release;
		};
/* End XCConfigurationList section */
	};
	rootObject = F1735392244CDBC900F975FC /* Project object */;
}
